
Microsoft Visual Studio Solution File, Format Version 12.00
Project("{FAE04EC0-301F-11D3-BF4B-00C04F79EFBC}") = "BankingSystem", "BankingSystem\BankingSystem.csproj", "{286FD8FD-F468-4156-84EA-7C63D6D69802}"
EndProject
Project("{FAE04EC0-301F-11D3-BF4B-00C04F79EFBC}") = "BankingSystemTest", "BankingSystemTest\BankingSystemTest.csproj", "{8A345114-E834-4952-ACBA-CF010E15BF1D}"
EndProject
Global
	GlobalSection(SolutionConfigurationPlatforms) = preSolution
		Debug|Any CPU = Debug|Any CPU
		Release|Any CPU = Release|Any CPU
	EndGlobalSection
	GlobalSection(ProjectConfigurationPlatforms) = postSolution
		{286FD8FD-F468-4156-84EA-7C63D6D69802}.Debug|Any CPU.ActiveCfg = Debug|Any CPU
		{286FD8FD-F468-4156-84EA-7C63D6D69802}.Debug|Any CPU.Build.0 = Debug|Any CPU
		{286FD8FD-F468-4156-84EA-7C63D6D69802}.Release|Any CPU.ActiveCfg = Release|Any CPU
		{286FD8FD-F468-4156-84EA-7C63D6D69802}.Release|Any CPU.Build.0 = Release|Any CPU
		{8A345114-E834-4952-ACBA-CF010E15BF1D}.Debug|Any CPU.ActiveCfg = Debug|Any CPU
		{8A345114-E834-4952-ACBA-CF010E15BF1D}.Debug|Any CPU.Build.0 = Debug|Any CPU
		{8A345114-E834-4952-ACBA-CF010E15BF1D}.Release|Any CPU.ActiveCfg = Release|Any CPU
		{8A345114-E834-4952-ACBA-CF010E15BF1D}.Release|Any CPU.Build.0 = Release|Any CPU
	EndGlobalSection
EndGlobal
